// !$*UTF8*$!
{
	archiveVersion = 1;
	classes = {
	};
	objectVersion = 55;
	objects = {

/* Begin PBXBuildFile section */
		DE79E4D7280EFAE1007600BF /* AppDelegate.swift in Sources */ = {isa = PBXBuildFile; fileRef = DE79E4D6280EFAE1007600BF /* AppDelegate.swift */; };
		DE79E4D9280EFAE1007600BF /* SceneDelegate.swift in Sources */ = {isa = PBXBuildFile; fileRef = DE79E4D8280EFAE1007600BF /* SceneDelegate.swift */; };
		DE79E4DB280EFAE1007600BF /* ViewController.swift in Sources */ = {isa = PBXBuildFile; fileRef = DE79E4DA280EFAE1007600BF /* ViewController.swift */; };
		DE79E4DE280EFAE1007600BF /* Main.storyboard in Resources */ = {isa = PBXBuildFile; fileRef = DE79E4DC280EFAE1007600BF /* Main.storyboard */; };
		DE79E4E0280EFAE3007600BF /* Assets.xcassets in Resources */ = {isa = PBXBuildFile; fileRef = DE79E4DF280EFAE3007600BF /* Assets.xcassets */; };
		DE79E4E3280EFAE3007600BF /* LaunchScreen.storyboard in Resources */ = {isa = PBXBuildFile; fileRef = DE79E4E1280EFAE3007600BF /* LaunchScreen.storyboard */; };
		DE79E4EE280EFAE4007600BF /* SQLite_GirisTests.swift in Sources */ = {isa = PBXBuildFile; fileRef = DE79E4ED280EFAE4007600BF /* SQLite_GirisTests.swift */; };
		DE79E4F8280EFAE4007600BF /* SQLite_GirisUITests.swift in Sources */ = {isa = PBXBuildFile; fileRef = DE79E4F7280EFAE4007600BF /* SQLite_GirisUITests.swift */; };
		DE79E4FA280EFAE4007600BF /* SQLite_GirisUITestsLaunchTests.swift in Sources */ = {isa = PBXBuildFile; fileRef = DE79E4F9280EFAE4007600BF /* SQLite_GirisUITestsLaunchTests.swift */; };
/* End PBXBuildFile section */

/* Begin PBXContainerItemProxy section */
		DE79E4EA280EFAE4007600BF /* PBXContainerItemProxy */ = {
			isa = PBXContainerItemProxy;
			containerPortal = DE79E4CB280EFAE1007600BF /* Project object */;
			proxyType = 1;
			remoteGlobalIDString = DE79E4D2280EFAE1007600BF;
			remoteInfo = "SQLite Giris";
		};
		DE79E4F4280EFAE4007600BF /* PBXContainerItemProxy */ = {
			isa = PBXContainerItemProxy;
			containerPortal = DE79E4CB280EFAE1007600BF /* Project object */;
			proxyType = 1;
			remoteGlobalIDString = DE79E4D2280EFAE1007600BF;
			remoteInfo = "SQLite Giris";
		};
/* End PBXContainerItemProxy section */

/* Begin PBXFileReference section */
		DE79E4D3280EFAE1007600BF /* SQLite Giris.app */ = {isa = PBXFileReference; explicitFileType = wrapper.application; includeInIndex = 0; path = "SQLite Giris.app"; sourceTree = BUILT_PRODUCTS_DIR; };
		DE79E4D6280EFAE1007600BF /* AppDelegate.swift */ = {isa = PBXFileReference; lastKnownFileType = sourcecode.swift; path = AppDelegate.swift; sourceTree = "<group>"; };
		DE79E4D8280EFAE1007600BF /* SceneDelegate.swift */ = {isa = PBXFileReference; lastKnownFileType = sourcecode.swift; path = SceneDelegate.swift; sourceTree = "<group>"; };
		DE79E4DA280EFAE1007600BF /* ViewController.swift */ = {isa = PBXFileReference; lastKnownFileType = sourcecode.swift; path = ViewController.swift; sourceTree = "<group>"; };
		DE79E4DD280EFAE1007600BF /* Base */ = {isa = PBXFileReference; lastKnownFileType = file.storyboard; name = Base; path = Base.lproj/Main.storyboard; sourceTree = "<group>"; };
		DE79E4DF280EFAE3007600BF /* Assets.xcassets */ = {isa = PBXFileReference; lastKnownFileType = folder.assetcatalog; path = Assets.xcassets; sourceTree = "<group>"; };
		DE79E4E2280EFAE3007600BF /* Base */ = {isa = PBXFileReference; lastKnownFileType = file.storyboard; name = Base; path = Base.lproj/LaunchScreen.storyboard; sourceTree = "<group>"; };
		DE79E4E4280EFAE3007600BF /* Info.plist */ = {isa = PBXFileReference; lastKnownFileType = text.plist.xml; path = Info.plist; sourceTree = "<group>"; };
		DE79E4E9280EFAE4007600BF /* SQLite GirisTests.xctest */ = {isa = PBXFileReference; explicitFileType = wrapper.cfbundle; includeInIndex = 0; path = "SQLite GirisTests.xctest"; sourceTree = BUILT_PRODUCTS_DIR; };
		DE79E4ED280EFAE4007600BF /* SQLite_GirisTests.swift */ = {isa = PBXFileReference; lastKnownFileType = sourcecode.swift; path = SQLite_GirisTests.swift; sourceTree = "<group>"; };
		DE79E4F3280EFAE4007600BF /* SQLite GirisUITests.xctest */ = {isa = PBXFileReference; explicitFileType = wrapper.cfbundle; includeInIndex = 0; path = "SQLite GirisUITests.xctest"; sourceTree = BUILT_PRODUCTS_DIR; };
		DE79E4F7280EFAE4007600BF /* SQLite_GirisUITests.swift */ = {isa = PBXFileReference; lastKnownFileType = sourcecode.swift; path = SQLite_GirisUITests.swift; sourceTree = "<group>"; };
		DE79E4F9280EFAE4007600BF /* SQLite_GirisUITestsLaunchTests.swift */ = {isa = PBXFileReference; lastKnownFileType = sourcecode.swift; path = SQLite_GirisUITestsLaunchTests.swift; sourceTree = "<group>"; };
/* End PBXFileReference section */

/* Begin PBXFrameworksBuildPhase section */
		DE79E4D0280EFAE1007600BF /* Frameworks */ = {
			isa = PBXFrameworksBuildPhase;
			buildActionMask = 2147483647;
			files = (
			);
			runOnlyForDeploymentPostprocessing = 0;
		};
		DE79E4E6280EFAE4007600BF /* Frameworks */ = {
			isa = PBXFrameworksBuildPhase;
			buildActionMask = 2147483647;
			files = (
			);
			runOnlyForDeploymentPostprocessing = 0;
		};
		DE79E4F0280EFAE4007600BF /* Frameworks */ = {
			isa = PBXFrameworksBuildPhase;
			buildActionMask = 2147483647;
			files = (
			);
			runOnlyForDeploymentPostprocessing = 0;
		};
/* End PBXFrameworksBuildPhase section */

/* Begin PBXGroup section */
		DE79E4CA280EFAE1007600BF = {
			isa = PBXGroup;
			children = (
				DE79E4D5280EFAE1007600BF /* SQLite Giris */,
				DE79E4EC280EFAE4007600BF /* SQLite GirisTests */,
				DE79E4F6280EFAE4007600BF /* SQLite GirisUITests */,
				DE79E4D4280EFAE1007600BF /* Products */,
			);
			sourceTree = "<group>";
		};
		DE79E4D4280EFAE1007600BF /* Products */ = {
			isa = PBXGroup;
			children = (
				DE79E4D3280EFAE1007600BF /* SQLite Giris.app */,
				DE79E4E9280EFAE4007600BF /* SQLite GirisTests.xctest */,
				DE79E4F3280EFAE4007600BF /* SQLite GirisUITests.xctest */,
			);
			name = Products;
			sourceTree = "<group>";
		};
		DE79E4D5280EFAE1007600BF /* SQLite Giris */ = {
			isa = PBXGroup;
			children = (
				DE79E4D6280EFAE1007600BF /* AppDelegate.swift */,
				DE79E4D8280EFAE1007600BF /* SceneDelegate.swift */,
				DE79E4DA280EFAE1007600BF /* ViewController.swift */,
				DE79E4DC280EFAE1007600BF /* Main.storyboard */,
				DE79E4DF280EFAE3007600BF /* Assets.xcassets */,
				DE79E4E1280EFAE3007600BF /* LaunchScreen.storyboard */,
				DE79E4E4280EFAE3007600BF /* Info.plist */,
			);
			path = "SQLite Giris";
			sourceTree = "<group>";
		};
		DE79E4EC280EFAE4007600BF /* SQLite GirisTests */ = {
			isa = PBXGroup;
			children = (
				DE79E4ED280EFAE4007600BF /* SQLite_GirisTests.swift */,
			);
			path = "SQLite GirisTests";
			sourceTree = "<group>";
		};
		DE79E4F6280EFAE4007600BF /* SQLite GirisUITests */ = {
			isa = PBXGroup;
			children = (
				DE79E4F7280EFAE4007600BF /* SQLite_GirisUITests.swift */,
				DE79E4F9280EFAE4007600BF /* SQLite_GirisUITestsLaunchTests.swift */,
			);
			path = "SQLite GirisUITests";
			sourceTree = "<group>";
		};
/* End PBXGroup section */

/* Begin PBXNativeTarget section */
		DE79E4D2280EFAE1007600BF /* SQLite Giris */ = {
			isa = PBXNativeTarget;
			buildConfigurationList = DE79E4FD280EFAE4007600BF /* Build configuration list for PBXNativeTarget "SQLite Giris" */;
			buildPhases = (
				DE79E4CF280EFAE1007600BF /* Sources */,
				DE79E4D0280EFAE1007600BF /* Frameworks */,
				DE79E4D1280EFAE1007600BF /* Resources */,
			);
			buildRules = (
			);
			dependencies = (
			);
			name = "SQLite Giris";
			productName = "SQLite Giris";
			productReference = DE79E4D3280EFAE1007600BF /* SQLite Giris.app */;
			productType = "com.apple.product-type.application";
		};
		DE79E4E8280EFAE4007600BF /* SQLite GirisTests */ = {
			isa = PBXNativeTarget;
			buildConfigurationList = DE79E500280EFAE4007600BF /* Build configuration list for PBXNativeTarget "SQLite GirisTests" */;
			buildPhases = (
				DE79E4E5280EFAE4007600BF /* Sources */,
				DE79E4E6280EFAE4007600BF /* Frameworks */,
				DE79E4E7280EFAE4007600BF /* Resources */,
			);
			buildRules = (
			);
			dependencies = (
				DE79E4EB280EFAE4007600BF /* PBXTargetDependency */,
			);
			name = "SQLite GirisTests";
			productName = "SQLite GirisTests";
			productReference = DE79E4E9280EFAE4007600BF /* SQLite GirisTests.xctest */;
			productType = "com.apple.product-type.bundle.unit-test";
		};
		DE79E4F2280EFAE4007600BF /* SQLite GirisUITests */ = {
			isa = PBXNativeTarget;
			buildConfigurationList = DE79E503280EFAE4007600BF /* Build configuration list for PBXNativeTarget "SQLite GirisUITests" */;
			buildPhases = (
				DE79E4EF280EFAE4007600BF /* Sources */,
				DE79E4F0280EFAE4007600BF /* Frameworks */,
				DE79E4F1280EFAE4007600BF /* Resources */,
			);
			buildRules = (
			);
			dependencies = (
				DE79E4F5280EFAE4007600BF /* PBXTargetDependency */,
			);
			name = "SQLite GirisUITests";
			productName = "SQLite GirisUITests";
			productReference = DE79E4F3280EFAE4007600BF /* SQLite GirisUITests.xctest */;
			productType = "com.apple.product-type.bundle.ui-testing";
		};
/* End PBXNativeTarget section */

/* Begin PBXProject section */
		DE79E4CB280EFAE1007600BF /* Project object */ = {
			isa = PBXProject;
			attributes = {
				BuildIndependentTargetsInParallel = 1;
				LastSwiftUpdateCheck = 1320;
				LastUpgradeCheck = 1320;
				TargetAttributes = {
					DE79E4D2280EFAE1007600BF = {
						CreatedOnToolsVersion = 13.2.1;
					};
					DE79E4E8280EFAE4007600BF = {
						CreatedOnToolsVersion = 13.2.1;
						TestTargetID = DE79E4D2280EFAE1007600BF;
					};
					DE79E4F2280EFAE4007600BF = {
						CreatedOnToolsVersion = 13.2.1;
						TestTargetID = DE79E4D2280EFAE1007600BF;
					};
				};
			};
			buildConfigurationList = DE79E4CE280EFAE1007600BF /* Build configuration list for PBXProject "SQLite Giris" */;
			compatibilityVersion = "Xcode 13.0";
			developmentRegion = en;
			hasScannedForEncodings = 0;
			knownRegions = (
				en,
				Base,
			);
			mainGroup = DE79E4CA280EFAE1007600BF;
			productRefGroup = DE79E4D4280EFAE1007600BF /* Products */;
			projectDirPath = "";
			projectRoot = "";
			targets = (
				DE79E4D2280EFAE1007600BF /* SQLite Giris */,
				DE79E4E8280EFAE4007600BF /* SQLite GirisTests */,
				DE79E4F2280EFAE4007600BF /* SQLite GirisUITests */,
			);
		};
/* End PBXProject section */

/* Begin PBXResourcesBuildPhase section */
		DE79E4D1280EFAE1007600BF /* Resources */ = {
			isa = PBXResourcesBuildPhase;
			buildActionMask = 2147483647;
			files = (
				DE79E4E3280EFAE3007600BF /* LaunchScreen.storyboard in Resources */,
				DE79E4E0280EFAE3007600BF /* Assets.xcassets in Resources */,
				DE79E4DE280EFAE1007600BF /* Main.storyboard in Resources */,
			);
			runOnlyForDeploymentPostprocessing = 0;
		};
		DE79E4E7280EFAE4007600BF /* Resources */ = {
			isa = PBXResourcesBuildPhase;
			buildActionMask = 2147483647;
			files = (
			);
			runOnlyForDeploymentPostprocessing = 0;
		};
		DE79E4F1280EFAE4007600BF /* Resources */ = {
			isa = PBXResourcesBuildPhase;
			buildActionMask = 2147483647;
			files = (
			);
			runOnlyForDeploymentPostprocessing = 0;
		};
/* End PBXResourcesBuildPhase section */

/* Begin PBXSourcesBuildPhase section */
		DE79E4CF280EFAE1007600BF /* Sources */ = {
			isa = PBXSourcesBuildPhase;
			buildActionMask = 2147483647;
			files = (
				DE79E4DB280EFAE1007600BF /* ViewController.swift in Sources */,
				DE79E4D7280EFAE1007600BF /* AppDelegate.swift in Sources */,
				DE79E4D9280EFAE1007600BF /* SceneDelegate.swift in Sources */,
			);
			runOnlyForDeploymentPostprocessing = 0;
		};
		DE79E4E5280EFAE4007600BF /* Sources */ = {
			isa = PBXSourcesBuildPhase;
			buildActionMask = 2147483647;
			files = (
				DE79E4EE280EFAE4007600BF /* SQLite_GirisTests.swift in Sources */,
			);
			runOnlyForDeploymentPostprocessing = 0;
		};
		DE79E4EF280EFAE4007600BF /* Sources */ = {
			isa = PBXSourcesBuildPhase;
			buildActionMask = 2147483647;
			files = (
				DE79E4F8280EFAE4007600BF /* SQLite_GirisUITests.swift in Sources */,
				DE79E4FA280EFAE4007600BF /* SQLite_GirisUITestsLaunchTests.swift in Sources */,
			);
			runOnlyForDeploymentPostprocessing = 0;
		};
/* End PBXSourcesBuildPhase section */

/* Begin PBXTargetDependency section */
		DE79E4EB280EFAE4007600BF /* PBXTargetDependency */ = {
			isa = PBXTargetDependency;
			target = DE79E4D2280EFAE1007600BF /* SQLite Giris */;
			targetProxy = DE79E4EA280EFAE4007600BF /* PBXContainerItemProxy */;
		};
		DE79E4F5280EFAE4007600BF /* PBXTargetDependency */ = {
			isa = PBXTargetDependency;
			target = DE79E4D2280EFAE1007600BF /* SQLite Giris */;
			targetProxy = DE79E4F4280EFAE4007600BF /* PBXContainerItemProxy */;
		};
/* End PBXTargetDependency section */

/* Begin PBXVariantGroup section */
		DE79E4DC280EFAE1007600BF /* Main.storyboard */ = {
			isa = PBXVariantGroup;
			children = (
				DE79E4DD280EFAE1007600BF /* Base */,
			);
			name = Main.storyboard;
			sourceTree = "<group>";
		};
		DE79E4E1280EFAE3007600BF /* LaunchScreen.storyboard */ = {
			isa = PBXVariantGroup;
			children = (
				DE79E4E2280EFAE3007600BF /* Base */,
			);
			name = LaunchScreen.storyboard;
			sourceTree = "<group>";
		};
/* End PBXVariantGroup section */

/* Begin XCBuildConfiguration section */
		DE79E4FB280EFAE4007600BF /* Debug */ = {
			isa = XCBuildConfiguration;
			buildSettings = {
				ALWAYS_SEARCH_USER_PATHS = NO;
				CLANG_ANALYZER_NONNULL = YES;
				CLANG_ANALYZER_NUMBER_OBJECT_CONVERSION = YES_AGGRESSIVE;
				CLANG_CXX_LANGUAGE_STANDARD = "gnu++17";
				CLANG_CXX_LIBRARY = "libc++";
				CLANG_ENABLE_MODULES = YES;
				CLANG_ENABLE_OBJC_ARC = YES;
				CLANG_ENABLE_OBJC_WEAK = YES;
				CLANG_WARN_BLOCK_CAPTURE_AUTORELEASING = YES;
				CLANG_WARN_BOOL_CONVERSION = YES;
				CLANG_WARN_COMMA = YES;
				CLANG_WARN_CONSTANT_CONVERSION = YES;
				CLANG_WARN_DEPRECATED_OBJC_IMPLEMENTATIONS = YES;
				CLANG_WARN_DIRECT_OBJC_ISA_USAGE = YES_ERROR;
				CLANG_WARN_DOCUMENTATION_COMMENTS = YES;
				CLANG_WARN_EMPTY_BODY = YES;
				CLANG_WARN_ENUM_CONVERSION = YES;
				CLANG_WARN_INFINITE_RECURSION = YES;
				CLANG_WARN_INT_CONVERSION = YES;
				CLANG_WARN_NON_LITERAL_NULL_CONVERSION = YES;
				CLANG_WARN_OBJC_IMPLICIT_RETAIN_SELF = YES;
				CLANG_WARN_OBJC_LITERAL_CONVERSION = YES;
				CLANG_WARN_OBJC_ROOT_CLASS = YES_ERROR;
				CLANG_WARN_QUOTED_INCLUDE_IN_FRAMEWORK_HEADER = YES;
				CLANG_WARN_RANGE_LOOP_ANALYSIS = YES;
				CLANG_WARN_STRICT_PROTOTYPES = YES;
				CLANG_WARN_SUSPICIOUS_MOVE = YES;
				CLANG_WARN_UNGUARDED_AVAILABILITY = YES_AGGRESSIVE;
				CLANG_WARN_UNREACHABLE_CODE = YES;
				CLANG_WARN__DUPLICATE_METHOD_MATCH = YES;
				COPY_PHASE_STRIP = NO;
				DEBUG_INFORMATION_FORMAT = dwarf;
				ENABLE_STRICT_OBJC_MSGSEND = YES;
				ENABLE_TESTABILITY = YES;
				GCC_C_LANGUAGE_STANDARD = gnu11;
				GCC_DYNAMIC_NO_PIC = NO;
				GCC_NO_COMMON_BLOCKS = YES;
				GCC_OPTIMIZATION_LEVEL = 0;
				GCC_PREPROCESSOR_DEFINITIONS = (
					"DEBUG=1",
					"$(inherited)",
				);
				GCC_WARN_64_TO_32_BIT_CONVERSION = YES;
				GCC_WARN_ABOUT_RETURN_TYPE = YES_ERROR;
				GCC_WARN_UNDECLARED_SELECTOR = YES;
				GCC_WARN_UNINITIALIZED_AUTOS = YES_AGGRESSIVE;
				GCC_WARN_UNUSED_FUNCTION = YES;
				GCC_WARN_UNUSED_VARIABLE = YES;
				IPHONEOS_DEPLOYMENT_TARGET = 15.2;
				MTL_ENABLE_DEBUG_INFO = INCLUDE_SOURCE;
				MTL_FAST_MATH = YES;
				ONLY_ACTIVE_ARCH = YES;
				SDKROOT = iphoneos;
				SWIFT_ACTIVE_COMPILATION_CONDITIONS = DEBUG;
				SWIFT_OPTIMIZATION_LEVEL = "-Onone";
			};
			name = Debug;
		};
		DE79E4FC280EFAE4007600BF /* Release */ = {
			isa = XCBuildConfiguration;
			buildSettings = {
				ALWAYS_SEARCH_USER_PATHS = NO;
				CLANG_ANALYZER_NONNULL = YES;
				CLANG_ANALYZER_NUMBER_OBJECT_CONVERSION = YES_AGGRESSIVE;
				CLANG_CXX_LANGUAGE_STANDARD = "gnu++17";
				CLANG_CXX_LIBRARY = "libc++";
				CLANG_ENABLE_MODULES = YES;
				CLANG_ENABLE_OBJC_ARC = YES;
				CLANG_ENABLE_OBJC_WEAK = YES;
				CLANG_WARN_BLOCK_CAPTURE_AUTORELEASING = YES;
				CLANG_WARN_BOOL_CONVERSION = YES;
				CLANG_WARN_COMMA = YES;
				CLANG_WARN_CONSTANT_CONVERSION = YES;
				CLANG_WARN_DEPRECATED_OBJC_IMPLEMENTATIONS = YES;
				CLANG_WARN_DIRECT_OBJC_ISA_USAGE = YES_ERROR;
				CLANG_WARN_DOCUMENTATION_COMMENTS = YES;
				CLANG_WARN_EMPTY_BODY = YES;
				CLANG_WARN_ENUM_CONVERSION = YES;
				CLANG_WARN_INFINITE_RECURSION = YES;
				CLANG_WARN_INT_CONVERSION = YES;
				CLANG_WARN_NON_LITERAL_NULL_CONVERSION = YES;
				CLANG_WARN_OBJC_IMPLICIT_RETAIN_SELF = YES;
				CLANG_WARN_OBJC_LITERAL_CONVERSION = YES;
				CLANG_WARN_OBJC_ROOT_CLASS = YES_ERROR;
				CLANG_WARN_QUOTED_INCLUDE_IN_FRAMEWORK_HEADER = YES;
				CLANG_WARN_RANGE_LOOP_ANALYSIS = YES;
				CLANG_WARN_STRICT_PROTOTYPES = YES;
				CLANG_WARN_SUSPICIOUS_MOVE = YES;
				CLANG_WARN_UNGUARDED_AVAILABILITY = YES_AGGRESSIVE;
				CLANG_WARN_UNREACHABLE_CODE = YES;
				CLANG_WARN__DUPLICATE_METHOD_MATCH = YES;
				COPY_PHASE_STRIP = NO;
				DEBUG_INFORMATION_FORMAT = "dwarf-with-dsym";
				ENABLE_NS_ASSERTIONS = NO;
				ENABLE_STRICT_OBJC_MSGSEND = YES;
				GCC_C_LANGUAGE_STANDARD = gnu11;
				GCC_NO_COMMON_BLOCKS = YES;
				GCC_WARN_64_TO_32_BIT_CONVERSION = YES;
				GCC_WARN_ABOUT_RETURN_TYPE = YES_ERROR;
				GCC_WARN_UNDECLARED_SELECTOR = YES;
				GCC_WARN_UNINITIALIZED_AUTOS = YES_AGGRESSIVE;
				GCC_WARN_UNUSED_FUNCTION = YES;
				GCC_WARN_UNUSED_VARIABLE = YES;
				IPHONEOS_DEPLOYMENT_TARGET = 15.2;
				MTL_ENABLE_DEBUG_INFO = NO;
				MTL_FAST_MATH = YES;
				SDKROOT = iphoneos;
				SWIFT_COMPILATION_MODE = wholemodule;
				SWIFT_OPTIMIZATION_LEVEL = "-O";
				VALIDATE_PRODUCT = YES;
			};
			name = Release;
		};
		DE79E4FE280EFAE4007600BF /* Debug */ = {
			isa = XCBuildConfiguration;
			buildSettings = {
				ASSETCATALOG_COMPILER_APPICON_NAME = AppIcon;
				ASSETCATALOG_COMPILER_GLOBAL_ACCENT_COLOR_NAME = AccentColor;
				CODE_SIGN_STYLE = Automatic;
				CURRENT_PROJECT_VERSION = 1;
				DEVELOPMENT_TEAM = 7CRNJ953YN;
				GENERATE_INFOPLIST_FILE = YES;
				INFOPLIST_FILE = "SQLite Giris/Info.plist";
				INFOPLIST_KEY_UIApplicationSupportsIndirectInputEvents = YES;
				INFOPLIST_KEY_UILaunchStoryboardName = LaunchScreen;
				INFOPLIST_KEY_UIMainStoryboardFile = Main;
				INFOPLIST_KEY_UISupportedInterfaceOrientations_iPad = "UIInterfaceOrientationPortrait UIInterfaceOrientationPortraitUpsideDown UIInterfaceOrientationLandscapeLeft UIInterfaceOrientationLandscapeRight";
				INFOPLIST_KEY_UISupportedInterfaceOrientations_iPhone = "UIInterfaceOrientationPortrait UIInterfaceOrientationLandscapeLeft UIInterfaceOrientationLandscapeRight";
				LD_RUNPATH_SEARCH_PATHS = (
					"$(inherited)",
					"@executable_path/Frameworks",
				);
				MARKETING_VERSION = 1.0;
				PRODUCT_BUNDLE_IDENTIFIER = "com.omerKilicaslan.SQLite-Giris";
				PRODUCT_NAME = "$(TARGET_NAME)";
				SWIFT_EMIT_LOC_STRINGS = YES;
				SWIFT_VERSION = 5.0;
				TARGETED_DEVICE_FAMILY = "1,2";
			};
			name = Debug;
		};
		DE79E4FF280EFAE4007600BF /* Release */ = {
			isa = XCBuildConfiguration;
			buildSettings = {
				ASSETCATALOG_COMPILER_APPICON_NAME = AppIcon;
				ASSETCATALOG_COMPILER_GLOBAL_ACCENT_COLOR_NAME = AccentColor;
				CODE_SIGN_STYLE = Automatic;
				CURRENT_PROJECT_VERSION = 1;
				DEVELOPMENT_TEAM = 7CRNJ953YN;
				GENERATE_INFOPLIST_FILE = YES;
				INFOPLIST_FILE = "SQLite Giris/Info.plist";
				INFOPLIST_KEY_UIApplicationSupportsIndirectInputEvents = YES;
				INFOPLIST_KEY_UILaunchStoryboardName = LaunchScreen;
				INFOPLIST_KEY_UIMainStoryboardFile = Main;
				INFOPLIST_KEY_UISupportedInterfaceOrientations_iPad = "UIInterfaceOrientationPortrait UIInterfaceOrientationPortraitUpsideDown UIInterfaceOrientationLandscapeLeft UIInterfaceOrientationLandscapeRight";
				INFOPLIST_KEY_UISupportedInterfaceOrientations_iPhone = "UIInterfaceOrientationPortrait UIInterfaceOrientationLandscapeLeft UIInterfaceOrientationLandscapeRight";
				LD_RUNPATH_SEARCH_PATHS = (
					"$(inherited)",
					"@executable_path/Frameworks",
				);
				MARKETING_VERSION = 1.0;
				PRODUCT_BUNDLE_IDENTIFIER = "com.omerKilicaslan.SQLite-Giris";
				PRODUCT_NAME = "$(TARGET_NAME)";
				SWIFT_EMIT_LOC_STRINGS = YES;
				SWIFT_VERSION = 5.0;
				TARGETED_DEVICE_FAMILY = "1,2";
			};
			name = Release;
		};
		DE79E501280EFAE4007600BF /* Debug */ = {
			isa = XCBuildConfiguration;
			buildSettings = {
				ALWAYS_EMBED_SWIFT_STANDARD_LIBRARIES = YES;
				BUNDLE_LOADER = "$(TEST_HOST)";
				CODE_SIGN_STYLE = Automatic;
				CURRENT_PROJECT_VERSION = 1;
				DEVELOPMENT_TEAM = 7CRNJ953YN;
				GENERATE_INFOPLIST_FILE = YES;
				IPHONEOS_DEPLOYMENT_TARGET = 15.2;
				MARKETING_VERSION = 1.0;
				PRODUCT_BUNDLE_IDENTIFIER = "com.omerKilicaslan.SQLite-GirisTests";
				PRODUCT_NAME = "$(TARGET_NAME)";
				SWIFT_EMIT_LOC_STRINGS = NO;
				SWIFT_VERSION = 5.0;
				TARGETED_DEVICE_FAMILY = "1,2";
				TEST_HOST = "$(BUILT_PRODUCTS_DIR)/SQLite Giris.app/SQLite Giris";
			};
			name = Debug;
		};
		DE79E502280EFAE4007600BF /* Release */ = {
			isa = XCBuildConfiguration;
			buildSettings = {
				ALWAYS_EMBED_SWIFT_STANDARD_LIBRARIES = YES;
				BUNDLE_LOADER = "$(TEST_HOST)";
				CODE_SIGN_STYLE = Automatic;
				CURRENT_PROJECT_VERSION = 1;
				DEVELOPMENT_TEAM = 7CRNJ953YN;
				GENERATE_INFOPLIST_FILE = YES;
				IPHONEOS_DEPLOYMENT_TARGET = 15.2;
				MARKETING_VERSION = 1.0;
				PRODUCT_BUNDLE_IDENTIFIER = "com.omerKilicaslan.SQLite-GirisTests";
				PRODUCT_NAME = "$(TARGET_NAME)";
				SWIFT_EMIT_LOC_STRINGS = NO;
				SWIFT_VERSION = 5.0;
				TARGETED_DEVICE_FAMILY = "1,2";
				TEST_HOST = "$(BUILT_PRODUCTS_DIR)/SQLite Giris.app/SQLite Giris";
			};
			name = Release;
		};
		DE79E504280EFAE4007600BF /* Debug */ = {
			isa = XCBuildConfiguration;
			buildSettings = {
				ALWAYS_EMBED_SWIFT_STANDARD_LIBRARIES = YES;
				CODE_SIGN_STYLE = Automatic;
				CURRENT_PROJECT_VERSION = 1;
				DEVELOPMENT_TEAM = 7CRNJ953YN;
				GENERATE_INFOPLIST_FILE = YES;
				MARKETING_VERSION = 1.0;
				PRODUCT_BUNDLE_IDENTIFIER = "com.omerKilicaslan.SQLite-GirisUITests";
				PRODUCT_NAME = "$(TARGET_NAME)";
				SWIFT_EMIT_LOC_STRINGS = NO;
				SWIFT_VERSION = 5.0;
				TARGETED_DEVICE_FAMILY = "1,2";
				TEST_TARGET_NAME = "SQLite Giris";
			};
			name = Debug;
		};
		DE79E505280EFAE4007600BF /* Release */ = {
			isa = XCBuildConfiguration;
			buildSettings = {
				ALWAYS_EMBED_SWIFT_STANDARD_LIBRARIES = YES;
				CODE_SIGN_STYLE = Automatic;
				CURRENT_PROJECT_VERSION = 1;
				DEVELOPMENT_TEAM = 7CRNJ953YN;
				GENERATE_INFOPLIST_FILE = YES;
				MARKETING_VERSION = 1.0;
				PRODUCT_BUNDLE_IDENTIFIER = "com.omerKilicaslan.SQLite-GirisUITests";
				PRODUCT_NAME = "$(TARGET_NAME)";
				SWIFT_EMIT_LOC_STRINGS = NO;
				SWIFT_VERSION = 5.0;
				TARGETED_DEVICE_FAMILY = "1,2";
				TEST_TARGET_NAME = "SQLite Giris";
			};
			name = Release;
		};
/* End XCBuildConfiguration section */

/* Begin XCConfigurationList section */
		DE79E4CE280EFAE1007600BF /* Build configuration list for PBXProject "SQLite Giris" */ = {
			isa = XCConfigurationList;
			buildConfigurations = (
				DE79E4FB280EFAE4007600BF /* Debug */,
				DE79E4FC280EFAE4007600BF /* Release */,
			);
			defaultConfigurationIsVisible = 0;
			defaultConfigurationName = Release;
		};
		DE79E4FD280EFAE4007600BF /* Build configuration list for PBXNativeTarget "SQLite Giris" */ = {
			isa = XCConfigurationList;
			buildConfigurations = (
				DE79E4FE280EFAE4007600BF /* Debug */,
				DE79E4FF280EFAE4007600BF /* Release */,
			);
			defaultConfigurationIsVisible = 0;
			defaultConfigurationName = Release;
		};
		DE79E500280EFAE4007600BF /* Build configuration list for PBXNativeTarget "SQLite GirisTests" */ = {
			isa = XCConfigurationList;
			buildConfigurations = (
				DE79E501280EFAE4007600BF /* Debug */,
				DE79E502280EFAE4007600BF /* Release */,
			);
			defaultConfigurationIsVisible = 0;
			defaultConfigurationName = Release;
		};
		DE79E503280EFAE4007600BF /* Build configuration list for PBXNativeTarget "SQLite GirisUITests" */ = {
			isa = XCConfigurationList;
			buildConfigurations = (
				DE79E504280EFAE4007600BF /* Debug */,
				DE79E505280EFAE4007600BF /* Release */,
			);
			defaultConfigurationIsVisible = 0;
			defaultConfigurationName = Release;
		};
/* End XCConfigurationList section */
	};
	rootObject = DE79E4CB280EFAE1007600BF /* Project object */;
}
